
Microsoft Visual Studio Solution File, Format Version 12.00
Project("{FAE04EC0-301F-11D3-BF4B-00C04F79EFBC}") = "ProjectRelativity", "ProjectRelativity\ProjectRelativity.csproj", "{C19253FF-6650-4846-92A0-CC31862916B2}"
EndProject
Global
	GlobalSection(SolutionConfigurationPlatforms) = preSolution
		Debug|Any CPU = Debug|Any CPU
		Release|Any CPU = Release|Any CPU
	EndGlobalSection
	GlobalSection(ProjectConfigurationPlatforms) = postSolution
		{C19253FF-6650-4846-92A0-CC31862916B2}.Debug|Any CPU.ActiveCfg = Debug|Any CPU
		{C19253FF-6650-4846-92A0-CC31862916B2}.Debug|Any CPU.Build.0 = Debug|Any CPU
		{C19253FF-6650-4846-92A0-CC31862916B2}.Release|Any CPU.ActiveCfg = Release|Any CPU
		{C19253FF-6650-4846-92A0-CC31862916B2}.Release|Any CPU.Build.0 = Release|Any CPU
	EndGlobalSection
EndGlobal
